
Microsoft Visual Studio Solution File, Format Version 12.00
# Visual Studio Version 16
VisualStudioVersion = 16.0.29709.97
MinimumVisualStudioVersion = 10.0.40219.1
Project("{FAE04EC0-301F-11D3-BF4B-00C04F79EFBC}") = "SportsStore.WebUI", "SportsStore.WebUI\SportsStore.WebUI.csproj", "{EC0DABBC-9425-4785-9C97-6CB3C15B91CE}"
EndProject
Project("{FAE04EC0-301F-11D3-BF4B-00C04F79EFBC}") = "SportsStore.UnitTests", "SportsStore.UnitTests\SportsStore.UnitTests.csproj", "{78BE38C8-14CB-4D85-8923-0CF6097963F8}"
EndProject
Project("{FAE04EC0-301F-11D3-BF4B-00C04F79EFBC}") = "SportsStore.Domain", "SportsStore.Domain\SportsStore.Domain.csproj", "{745237ED-C86B-4C9C-A10A-FCB093D37FBF}"
EndProject
Global
	GlobalSection(SolutionConfigurationPlatforms) = preSolution
		Debug|Any CPU = Debug|Any CPU
		Release|Any CPU = Release|Any CPU
	EndGlobalSection
	GlobalSection(ProjectConfigurationPlatforms) = postSolution
		{EC0DABBC-9425-4785-9C97-6CB3C15B91CE}.Debug|Any CPU.ActiveCfg = Debug|Any CPU
		{EC0DABBC-9425-4785-9C97-6CB3C15B91CE}.Debug|Any CPU.Build.0 = Debug|Any CPU
		{EC0DABBC-9425-4785-9C97-6CB3C15B91CE}.Release|Any CPU.ActiveCfg = Release|Any CPU
		{EC0DABBC-9425-4785-9C97-6CB3C15B91CE}.Release|Any CPU.Build.0 = Release|Any CPU
		{78BE38C8-14CB-4D85-8923-0CF6097963F8}.Debug|Any CPU.ActiveCfg = Debug|Any CPU
		{78BE38C8-14CB-4D85-8923-0CF6097963F8}.Debug|Any CPU.Build.0 = Debug|Any CPU
		{78BE38C8-14CB-4D85-8923-0CF6097963F8}.Release|Any CPU.ActiveCfg = Release|Any CPU
		{78BE38C8-14CB-4D85-8923-0CF6097963F8}.Release|Any CPU.Build.0 = Release|Any CPU
		{745237ED-C86B-4C9C-A10A-FCB093D37FBF}.Debug|Any CPU.ActiveCfg = Debug|Any CPU
		{745237ED-C86B-4C9C-A10A-FCB093D37FBF}.Debug|Any CPU.Build.0 = Debug|Any CPU
		{745237ED-C86B-4C9C-A10A-FCB093D37FBF}.Release|Any CPU.ActiveCfg = Release|Any CPU
		{745237ED-C86B-4C9C-A10A-FCB093D37FBF}.Release|Any CPU.Build.0 = Release|Any CPU
	EndGlobalSection
	GlobalSection(SolutionProperties) = preSolution
		HideSolutionNode = FALSE
	EndGlobalSection
	GlobalSection(ExtensibilityGlobals) = postSolution
		SolutionGuid = {4BCF0477-B54F-46E9-901A-971EFCB6095E}
	EndGlobalSection
EndGlobal
